<?xml version="1.0" encoding="utf-8"?>
<Project ToolsVersion="4.0" xmlns="http://schemas.microsoft.com/developer/msbuild/2003">
  <ItemGroup>
    <Filter Include="소스 파일">
      <UniqueIdentifier>{4FC737F1-C7A5-4376-A066-2A32D752A2FF}</UniqueIdentifier>
      <Extensions>cpp;c;cc;cxx;c++;cppm;ixx;def;odl;idl;hpj;bat;asm;asmx</Extensions>
    </Filter>
    <Filter Include="헤더 파일">
      <UniqueIdentifier>{93995380-89BD-4b04-88EB-625FBE52EBFB}</UniqueIdentifier>
      <Extensions>h;hh;hpp;hxx;h++;hm;inl;inc;ipp;xsd</Extensions>
    </Filter>
    <Filter Include="리소스 파일">
      <UniqueIdentifier>{67DA6AB6-F800-4c08-8B7A-83BB121AAD01}</UniqueIdentifier>
      <Extensions>rc;ico;cur;bmp;dlg;rc2;rct;bin;rgs;gif;jpg;jpeg;jpe;resx;tiff;tif;png;wav;mfcribbon-ms</Extensions>
    </Filter>
    <Filter Include="소스 파일\Componants">
      <UniqueIdentifier>{5694f601-6cbe-4102-9ccf-b22957fae044}</UniqueIdentifier>
    </Filter>
    <Filter Include="소스 파일\Managers">
      <UniqueIdentifier>{759f4092-e5bd-419e-b03f-98db39b43cce}</UniqueIdentifier>
    </Filter>
    <Filter Include="소스 파일\Scenes">
      <UniqueIdentifier>{90a90dac-4cce-4f35-b087-d2fe7bade31b}</UniqueIdentifier>
    </Filter>
    <Filter Include="소스 파일\Objects">
      <UniqueIdentifier>{79fb23af-2224-4718-8bb9-ebf902d11ee3}</UniqueIdentifier>
    </Filter>
    <Filter Include="헤더 파일\Componants">
      <UniqueIdentifier>{db8396f6-2f90-475e-8127-06ba3993a10e}</UniqueIdentifier>
    </Filter>
    <Filter Include="헤더 파일\Managers">
      <UniqueIdentifier>{b1fbbaff-6eee-4f7c-a90e-17152271547c}</UniqueIdentifier>
    </Filter>
    <Filter Include="헤더 파일\Objects">
      <UniqueIdentifier>{3f7bbb2a-488c-4240-86d9-d0d5a8c2c755}</UniqueIdentifier>
    </Filter>
    <Filter Include="헤더 파일\Scenes">
      <UniqueIdentifier>{4273f5eb-e7bf-49e9-839e-bc5d0357fce0}</UniqueIdentifier>
    </Filter>
  </ItemGroup>
  <ItemGroup>
    <ClCompile Include="Core.cpp">
      <Filter>소스 파일</Filter>
    </ClCompile>
    <ClCompile Include="EventFunc.cpp">
      <Filter>소스 파일</Filter>
    </ClCompile>
    <ClCompile Include="main.cpp">
      <Filter>소스 파일</Filter>
    </ClCompile>
    <ClCompile Include="Collider.cpp">
      <Filter>소스 파일\Componants</Filter>
    </ClCompile>
    <ClCompile Include="CollisionManager.cpp">
      <Filter>소스 파일\Managers</Filter>
    </ClCompile>
    <ClCompile Include="EventManager.cpp">
      <Filter>소스 파일\Managers</Filter>
    </ClCompile>
    <ClCompile Include="KeyManager.cpp">
      <Filter>소스 파일\Managers</Filter>
    </ClCompile>
    <ClCompile Include="MeshManager.cpp">
      <Filter>소스 파일\Managers</Filter>
    </ClCompile>
    <ClCompile Include="SceneManager.cpp">
      <Filter>소스 파일\Managers</Filter>
    </ClCompile>
    <ClCompile Include="ShaderManager.cpp">
      <Filter>소스 파일\Managers</Filter>
    </ClCompile>
    <ClCompile Include="TimeManager.cpp">
      <Filter>소스 파일\Managers</Filter>
    </ClCompile>
    <ClCompile Include="Scene.cpp">
      <Filter>소스 파일\Scenes</Filter>
    </ClCompile>
    <ClCompile Include="Scene_Start.cpp">
      <Filter>소스 파일\Scenes</Filter>
    </ClCompile>
    <ClCompile Include="Object.cpp">
      <Filter>소스 파일\Objects</Filter>
    </ClCompile>
    <ClCompile Include="UIButton.cpp">
      <Filter>소스 파일\Objects</Filter>
    </ClCompile>
    <ClCompile Include="Cube13.cpp">
      <Filter>소스 파일</Filter>
    </ClCompile>
    <ClCompile Include="Scene_Assignment13.cpp">
      <Filter>소스 파일</Filter>
    </ClCompile>
    <ClCompile Include="Pyramid13.cpp">
      <Filter>소스 파일\Objects</Filter>
    </ClCompile>
  </ItemGroup>
  <ItemGroup>
    <ClInclude Include="Struct.h">
      <Filter>헤더 파일</Filter>
    </ClInclude>
    <ClInclude Include="Singleton.h">
      <Filter>헤더 파일</Filter>
    </ClInclude>
    <ClInclude Include="pch.h">
      <Filter>헤더 파일</Filter>
    </ClInclude>
    <ClInclude Include="EventFunc.h">
      <Filter>헤더 파일</Filter>
    </ClInclude>
    <ClInclude Include="Core.h">
      <Filter>헤더 파일</Filter>
    </ClInclude>
    <ClInclude Include="resource.h">
      <Filter>헤더 파일</Filter>
    </ClInclude>
    <ClInclude Include="Collider.h">
      <Filter>헤더 파일\Componants</Filter>
    </ClInclude>
    <ClInclude Include="CollisionManager.h">
      <Filter>헤더 파일\Managers</Filter>
    </ClInclude>
    <ClInclude Include="EventManager.h">
      <Filter>헤더 파일\Managers</Filter>
    </ClInclude>
    <ClInclude Include="MeshManager.h">
      <Filter>헤더 파일\Managers</Filter>
    </ClInclude>
    <ClInclude Include="KeyManager.h">
      <Filter>헤더 파일\Managers</Filter>
    </ClInclude>
    <ClInclude Include="SceneManager.h">
      <Filter>헤더 파일\Managers</Filter>
    </ClInclude>
    <ClInclude Include="ShaderManager.h">
      <Filter>헤더 파일\Managers</Filter>
    </ClInclude>
    <ClInclude Include="TimeManager.h">
      <Filter>헤더 파일\Managers</Filter>
    </ClInclude>
    <ClInclude Include="UIButton.h">
      <Filter>헤더 파일\Objects</Filter>
    </ClInclude>
    <ClInclude Include="Object.h">
      <Filter>헤더 파일\Objects</Filter>
    </ClInclude>
    <ClInclude Include="Scene_Start.h">
      <Filter>헤더 파일\Scenes</Filter>
    </ClInclude>
    <ClInclude Include="Scene.h">
      <Filter>헤더 파일\Scenes</Filter>
    </ClInclude>
    <ClInclude Include="Scene_Assignment13.h">
      <Filter>헤더 파일</Filter>
    </ClInclude>
    <ClInclude Include="Cube13.h">
      <Filter>헤더 파일\Objects</Filter>
    </ClInclude>
    <ClInclude Include="Pyramid13.h">
      <Filter>헤더 파일\Objects</Filter>
    </ClInclude>
  </ItemGroup>
  <ItemGroup>
    <None Include="default.vert">
      <Filter>헤더 파일</Filter>
    </None>
    <None Include="default.frag">
      <Filter>헤더 파일</Filter>
    </None>
    <None Include="pyramid.obj" />
  </ItemGroup>
  <ItemGroup>
    <None Include="cube.obj" />
  </ItemGroup>
</Project>